
Microsoft Visual Studio Solution File, Format Version 11.00
# Visual C# Express 2010
Project("{FAE04EC0-301F-11D3-BF4B-00C04F79EFBC}") = "WinMon", "WinMon\WinMon.csproj", "{BB29FA29-3EA5-4B20-97F9-46D129942559}"
EndProject
Project("{FAE04EC0-301F-11D3-BF4B-00C04F79EFBC}") = "HTTPserver", "HTTPserver\HTTPserver.csproj", "{C94A5780-BC89-43B7-85E9-9AA7D281F653}"
EndProject
Project("{FAE04EC0-301F-11D3-BF4B-00C04F79EFBC}") = "tools", "tools\tools.csproj", "{3248C849-8905-4002-9A39-8C073D025FBA}"
EndProject
Project("{FAE04EC0-301F-11D3-BF4B-00C04F79EFBC}") = "service", "service\service.csproj", "{531227EC-A7FA-41A0-B4B7-62C2A365A95C}"
EndProject
Global
	GlobalSection(SolutionConfigurationPlatforms) = preSolution
		Debug|Any CPU = Debug|Any CPU
		Debug|Mixed Platforms = Debug|Mixed Platforms
		Debug|x86 = Debug|x86
		Release|Any CPU = Release|Any CPU
		Release|Mixed Platforms = Release|Mixed Platforms
		Release|x86 = Release|x86
	EndGlobalSection
	GlobalSection(ProjectConfigurationPlatforms) = postSolution
		{BB29FA29-3EA5-4B20-97F9-46D129942559}.Debug|Any CPU.ActiveCfg = Debug|x86
		{BB29FA29-3EA5-4B20-97F9-46D129942559}.Debug|Mixed Platforms.ActiveCfg = Debug|x86
		{BB29FA29-3EA5-4B20-97F9-46D129942559}.Debug|Mixed Platforms.Build.0 = Debug|x86
		{BB29FA29-3EA5-4B20-97F9-46D129942559}.Debug|x86.ActiveCfg = Debug|x86
		{BB29FA29-3EA5-4B20-97F9-46D129942559}.Debug|x86.Build.0 = Debug|x86
		{BB29FA29-3EA5-4B20-97F9-46D129942559}.Release|Any CPU.ActiveCfg = Release|x86
		{BB29FA29-3EA5-4B20-97F9-46D129942559}.Release|Mixed Platforms.ActiveCfg = Release|x86
		{BB29FA29-3EA5-4B20-97F9-46D129942559}.Release|Mixed Platforms.Build.0 = Release|x86
		{BB29FA29-3EA5-4B20-97F9-46D129942559}.Release|x86.ActiveCfg = Release|x86
		{BB29FA29-3EA5-4B20-97F9-46D129942559}.Release|x86.Build.0 = Release|x86
		{C94A5780-BC89-43B7-85E9-9AA7D281F653}.Debug|Any CPU.ActiveCfg = Debug|Any CPU
		{C94A5780-BC89-43B7-85E9-9AA7D281F653}.Debug|Any CPU.Build.0 = Debug|Any CPU
		{C94A5780-BC89-43B7-85E9-9AA7D281F653}.Debug|Mixed Platforms.ActiveCfg = Debug|Any CPU
		{C94A5780-BC89-43B7-85E9-9AA7D281F653}.Debug|Mixed Platforms.Build.0 = Debug|Any CPU
		{C94A5780-BC89-43B7-85E9-9AA7D281F653}.Debug|x86.ActiveCfg = Debug|Any CPU
		{C94A5780-BC89-43B7-85E9-9AA7D281F653}.Release|Any CPU.ActiveCfg = Release|Any CPU
		{C94A5780-BC89-43B7-85E9-9AA7D281F653}.Release|Any CPU.Build.0 = Release|Any CPU
		{C94A5780-BC89-43B7-85E9-9AA7D281F653}.Release|Mixed Platforms.ActiveCfg = Release|Any CPU
		{C94A5780-BC89-43B7-85E9-9AA7D281F653}.Release|Mixed Platforms.Build.0 = Release|Any CPU
		{C94A5780-BC89-43B7-85E9-9AA7D281F653}.Release|x86.ActiveCfg = Release|Any CPU
		{3248C849-8905-4002-9A39-8C073D025FBA}.Debug|Any CPU.ActiveCfg = Debug|Any CPU
		{3248C849-8905-4002-9A39-8C073D025FBA}.Debug|Any CPU.Build.0 = Debug|Any CPU
		{3248C849-8905-4002-9A39-8C073D025FBA}.Debug|Mixed Platforms.ActiveCfg = Debug|Any CPU
		{3248C849-8905-4002-9A39-8C073D025FBA}.Debug|Mixed Platforms.Build.0 = Debug|Any CPU
		{3248C849-8905-4002-9A39-8C073D025FBA}.Debug|x86.ActiveCfg = Debug|Any CPU
		{3248C849-8905-4002-9A39-8C073D025FBA}.Release|Any CPU.ActiveCfg = Release|Any CPU
		{3248C849-8905-4002-9A39-8C073D025FBA}.Release|Any CPU.Build.0 = Release|Any CPU
		{3248C849-8905-4002-9A39-8C073D025FBA}.Release|Mixed Platforms.ActiveCfg = Release|Any CPU
		{3248C849-8905-4002-9A39-8C073D025FBA}.Release|Mixed Platforms.Build.0 = Release|Any CPU
		{3248C849-8905-4002-9A39-8C073D025FBA}.Release|x86.ActiveCfg = Release|Any CPU
		{531227EC-A7FA-41A0-B4B7-62C2A365A95C}.Debug|Any CPU.ActiveCfg = Debug|Any CPU
		{531227EC-A7FA-41A0-B4B7-62C2A365A95C}.Debug|Any CPU.Build.0 = Debug|Any CPU
		{531227EC-A7FA-41A0-B4B7-62C2A365A95C}.Debug|Mixed Platforms.ActiveCfg = Debug|Any CPU
		{531227EC-A7FA-41A0-B4B7-62C2A365A95C}.Debug|Mixed Platforms.Build.0 = Debug|Any CPU
		{531227EC-A7FA-41A0-B4B7-62C2A365A95C}.Debug|x86.ActiveCfg = Debug|Any CPU
		{531227EC-A7FA-41A0-B4B7-62C2A365A95C}.Release|Any CPU.ActiveCfg = Release|Any CPU
		{531227EC-A7FA-41A0-B4B7-62C2A365A95C}.Release|Any CPU.Build.0 = Release|Any CPU
		{531227EC-A7FA-41A0-B4B7-62C2A365A95C}.Release|Mixed Platforms.ActiveCfg = Release|Any CPU
		{531227EC-A7FA-41A0-B4B7-62C2A365A95C}.Release|Mixed Platforms.Build.0 = Release|Any CPU
		{531227EC-A7FA-41A0-B4B7-62C2A365A95C}.Release|x86.ActiveCfg = Release|Any CPU
	EndGlobalSection
	GlobalSection(SolutionProperties) = preSolution
		HideSolutionNode = FALSE
	EndGlobalSection
EndGlobal
